{
	"name": "grm-cli",
	"version": "1.0.0",
	"lockfileVersion": 1,
	"requires": true,
	"dependencies": {
		"commander": {
			"version": "2.12.2",
			"resolved": "https://registry.npmjs.org/commander/-/commander-2.12.2.tgz",
			"integrity": "sha512-BFnaq5ZOGcDN7FlrtBT4xxkgIToalIIxwjxLWVJ8bGTpe1LroqMiqQXdA7ygc7CRvaYS+9zfPGFnJqFSayx+AA=="
		},
		"cp-file": {
			"version": "5.0.0",
			"resolved": "https://registry.npmjs.org/cp-file/-/cp-file-5.0.0.tgz",
			"integrity": "sha1-vHAP0wyjLSTUbH+wK5kuQ1/FqXg=",
			"requires": {
				"graceful-fs": "4.1.11",
				"make-dir": "1.1.0",
				"nested-error-stacks": "2.0.0",
				"pify": "3.0.0",
				"safe-buffer": "5.1.1"
			}
		},
		"graceful-fs": {
			"version": "4.1.11",
			"resolved": "https://registry.npmjs.org/graceful-fs/-/graceful-fs-4.1.11.tgz",
			"integrity": "sha1-Dovf5NHduIVNZOBOp8AOKgJuVlg="
		},
		"inherits": {
			"version": "2.0.3",
			"resolved": "https://registry.npmjs.org/inherits/-/inherits-2.0.3.tgz",
			"integrity": "sha1-Yzwsg+PaQqUC9SRmAiSA9CCCYd4="
		},
		"make-dir": {
			"version": "1.1.0",
			"resolved": "https://registry.npmjs.org/make-dir/-/make-dir-1.1.0.tgz",
			"integrity": "sha512-0Pkui4wLJ7rxvmfUvs87skoEaxmu0hCUApF8nonzpl7q//FWp9zu8W61Scz4sd/kUiqDxvUhtoam2efDyiBzcA==",
			"requires": {
				"pify": "3.0.0"
			}
		},
		"minimist": {
			"version": "0.0.8",
			"resolved": "https://registry.npmjs.org/minimist/-/minimist-0.0.8.tgz",
			"integrity": "sha1-hX/Kv8M5fSYluCKCYuhqp6ARsF0="
		},
		"mkdirp": {
			"version": "0.5.1",
			"resolved": "https://registry.npmjs.org/mkdirp/-/mkdirp-0.5.1.tgz",
			"integrity": "sha1-MAV0OOrGz3+MR2fzhkjWaX11yQM=",
			"requires": {
				"minimist": "0.0.8"
			}
		},
		"nested-error-stacks": {
			"version": "2.0.0",
			"resolved": "https://registry.npmjs.org/nested-error-stacks/-/nested-error-stacks-2.0.0.tgz",
			"integrity": "sha1-mLL/rvtGEPo5NvHnFDXTBwDeKEA=",
			"requires": {
				"inherits": "2.0.3"
			}
		},
		"pify": {
			"version": "3.0.0",
			"resolved": "https://registry.npmjs.org/pify/-/pify-3.0.0.tgz",
			"integrity": "sha1-5aSs0sEB/fPZpNB/DbxNtJ3SgXY="
		},
		"require-text": {
			"version": "0.0.1",
			"resolved": "https://registry.npmjs.org/require-text/-/require-text-0.0.1.tgz",
			"integrity": "sha1-zeej5EO3HBTh7A1c78/NQY3/1m4="
		},
		"safe-buffer": {
			"version": "5.1.1",
			"resolved": "https://registry.npmjs.org/safe-buffer/-/safe-buffer-5.1.1.tgz",
			"integrity": "sha512-kKvNJn6Mm93gAczWVJg7wH+wGYWNrDHdWvpUmHyEsgCtIwwo3bqPtV4tR5tuPaUhTOo/kvhVwd8XwwOllGYkbg=="
		}
	}
}
